
Microsoft Visual Studio Solution File, Format Version 12.00
# Visual Studio Version 17
VisualStudioVersion = 17.0.32014.148
MinimumVisualStudioVersion = 10.0.40219.1
Project("{FAE04EC0-301F-11D3-BF4B-00C04F79EFBC}") = "Guia3PED", "Guia3PED\Guia3PED.csproj", "{DFEDAAA0-64FD-4491-9A0A-8FCDA775BE9E}"
EndProject
Global
	GlobalSection(SolutionConfigurationPlatforms) = preSolution
		Debug|Any CPU = Debug|Any CPU
		Release|Any CPU = Release|Any CPU
	EndGlobalSection
	GlobalSection(ProjectConfigurationPlatforms) = postSolution
		{DFEDAAA0-64FD-4491-9A0A-8FCDA775BE9E}.Debug|Any CPU.ActiveCfg = Debug|Any CPU
		{DFEDAAA0-64FD-4491-9A0A-8FCDA775BE9E}.Debug|Any CPU.Build.0 = Debug|Any CPU
		{DFEDAAA0-64FD-4491-9A0A-8FCDA775BE9E}.Release|Any CPU.ActiveCfg = Release|Any CPU
		{DFEDAAA0-64FD-4491-9A0A-8FCDA775BE9E}.Release|Any CPU.Build.0 = Release|Any CPU
	EndGlobalSection
	GlobalSection(SolutionProperties) = preSolution
		HideSolutionNode = FALSE
	EndGlobalSection
	GlobalSection(ExtensibilityGlobals) = postSolution
		SolutionGuid = {5170D620-DB71-409E-8E17-DABEEF749064}
	EndGlobalSection
EndGlobal
